
Microsoft Visual Studio Solution File, Format Version 12.00
# Visual Studio Version 16
VisualStudioVersion = 16.0.28922.388
MinimumVisualStudioVersion = 10.0.40219.1
Project("{FAE04EC0-301F-11D3-BF4B-00C04F79EFBC}") = "ScriptureJournal", "ScriptureJournal\ScriptureJournal.csproj", "{72043B9A-2C48-4390-8EE6-C8624463B19C}"
EndProject
Global
	GlobalSection(SolutionConfigurationPlatforms) = preSolution
		Debug|Any CPU = Debug|Any CPU
		Release|Any CPU = Release|Any CPU
	EndGlobalSection
	GlobalSection(ProjectConfigurationPlatforms) = postSolution
		{72043B9A-2C48-4390-8EE6-C8624463B19C}.Debug|Any CPU.ActiveCfg = Debug|Any CPU
		{72043B9A-2C48-4390-8EE6-C8624463B19C}.Debug|Any CPU.Build.0 = Debug|Any CPU
		{72043B9A-2C48-4390-8EE6-C8624463B19C}.Release|Any CPU.ActiveCfg = Release|Any CPU
		{72043B9A-2C48-4390-8EE6-C8624463B19C}.Release|Any CPU.Build.0 = Release|Any CPU
	EndGlobalSection
	GlobalSection(SolutionProperties) = preSolution
		HideSolutionNode = FALSE
	EndGlobalSection
	GlobalSection(ExtensibilityGlobals) = postSolution
		SolutionGuid = {6DDA4D37-15AD-4631-A8C1-EC52AD6F8636}
	EndGlobalSection
EndGlobal
